
Microsoft Visual Studio Solution File, Format Version 12.00
# Visual Studio Version 16
VisualStudioVersion = 16.0.30517.126
MinimumVisualStudioVersion = 10.0.40219.1
Project("{9A19103F-16F7-4668-BE54-9A1E7A4F7556}") = "JWTAuthentication", "ConfigurJWT\JWTAuthentication.csproj", "{FBA0B4CB-9A36-4C2D-9A5E-924A984C4DBC}"
EndProject
Project("{FAE04EC0-301F-11D3-BF4B-00C04F79EFBC}") = "ClientApp", "ClientApp\ClientApp.csproj", "{B2CFAF0E-EBC2-4983-BCC3-F7FCA73451DE}"
EndProject
Global
	GlobalSection(SolutionConfigurationPlatforms) = preSolution
		Debug|Any CPU = Debug|Any CPU
		Release|Any CPU = Release|Any CPU
	EndGlobalSection
	GlobalSection(ProjectConfigurationPlatforms) = postSolution
		{FBA0B4CB-9A36-4C2D-9A5E-924A984C4DBC}.Debug|Any CPU.ActiveCfg = Debug|Any CPU
		{FBA0B4CB-9A36-4C2D-9A5E-924A984C4DBC}.Debug|Any CPU.Build.0 = Debug|Any CPU
		{FBA0B4CB-9A36-4C2D-9A5E-924A984C4DBC}.Release|Any CPU.ActiveCfg = Release|Any CPU
		{FBA0B4CB-9A36-4C2D-9A5E-924A984C4DBC}.Release|Any CPU.Build.0 = Release|Any CPU
		{B2CFAF0E-EBC2-4983-BCC3-F7FCA73451DE}.Debug|Any CPU.ActiveCfg = Debug|Any CPU
		{B2CFAF0E-EBC2-4983-BCC3-F7FCA73451DE}.Debug|Any CPU.Build.0 = Debug|Any CPU
		{B2CFAF0E-EBC2-4983-BCC3-F7FCA73451DE}.Release|Any CPU.ActiveCfg = Release|Any CPU
		{B2CFAF0E-EBC2-4983-BCC3-F7FCA73451DE}.Release|Any CPU.Build.0 = Release|Any CPU
	EndGlobalSection
	GlobalSection(SolutionProperties) = preSolution
		HideSolutionNode = FALSE
	EndGlobalSection
	GlobalSection(ExtensibilityGlobals) = postSolution
		SolutionGuid = {18F09318-4D04-4EFA-AD78-76125DE307BC}
	EndGlobalSection
EndGlobal
